
Microsoft Visual Studio Solution File, Format Version 12.00
# Visual Studio Version 16
VisualStudioVersion = 16.0.31729.503
MinimumVisualStudioVersion = 10.0.40219.1
Project("{FAE04EC0-301F-11D3-BF4B-00C04F79EFBC}") = "RegalaRegalosApp.UWP", "RegalaRegalosApp.UWP\RegalaRegalosApp.UWP.csproj", "{42FE6AD5-33F7-463C-86AE-3C2C44A7C003}"
EndProject
Project("{FAE04EC0-301F-11D3-BF4B-00C04F79EFBC}") = "RegalaRegalosApp.Android", "RegalaRegalosApp.Android\RegalaRegalosApp.Android.csproj", "{FB6A0F03-5C98-404F-B1CB-534D31F3BB09}"
EndProject
Project("{FAE04EC0-301F-11D3-BF4B-00C04F79EFBC}") = "RegalaRegalosApp.iOS", "RegalaRegalosApp.iOS\RegalaRegalosApp.iOS.csproj", "{01DBEBFB-F650-43A5-B996-52346FBAE68E}"
EndProject
Project("{FAE04EC0-301F-11D3-BF4B-00C04F79EFBC}") = "RegalaRegalosApp", "RegalaRegalosApp\RegalaRegalosApp.csproj", "{0270C357-8208-4000-8704-B87A74B4B69B}"
EndProject
Global
	GlobalSection(SolutionConfigurationPlatforms) = preSolution
		Debug|Any CPU = Debug|Any CPU
		Debug|ARM = Debug|ARM
		Debug|iPhone = Debug|iPhone
		Debug|iPhoneSimulator = Debug|iPhoneSimulator
		Debug|x64 = Debug|x64
		Debug|x86 = Debug|x86
		Release|Any CPU = Release|Any CPU
		Release|ARM = Release|ARM
		Release|iPhone = Release|iPhone
		Release|iPhoneSimulator = Release|iPhoneSimulator
		Release|x64 = Release|x64
		Release|x86 = Release|x86
	EndGlobalSection
	GlobalSection(ProjectConfigurationPlatforms) = postSolution
		{42FE6AD5-33F7-463C-86AE-3C2C44A7C003}.Debug|Any CPU.ActiveCfg = Debug|x86
		{42FE6AD5-33F7-463C-86AE-3C2C44A7C003}.Debug|Any CPU.Build.0 = Debug|x86
		{42FE6AD5-33F7-463C-86AE-3C2C44A7C003}.Debug|Any CPU.Deploy.0 = Debug|x86
		{42FE6AD5-33F7-463C-86AE-3C2C44A7C003}.Debug|ARM.ActiveCfg = Debug|ARM
		{42FE6AD5-33F7-463C-86AE-3C2C44A7C003}.Debug|ARM.Build.0 = Debug|ARM
		{42FE6AD5-33F7-463C-86AE-3C2C44A7C003}.Debug|ARM.Deploy.0 = Debug|ARM
		{42FE6AD5-33F7-463C-86AE-3C2C44A7C003}.Debug|iPhone.ActiveCfg = Debug|x86
		{42FE6AD5-33F7-463C-86AE-3C2C44A7C003}.Debug|iPhone.Build.0 = Debug|x86
		{42FE6AD5-33F7-463C-86AE-3C2C44A7C003}.Debug|iPhone.Deploy.0 = Debug|x86
		{42FE6AD5-33F7-463C-86AE-3C2C44A7C003}.Debug|iPhoneSimulator.ActiveCfg = Debug|x86
		{42FE6AD5-33F7-463C-86AE-3C2C44A7C003}.Debug|iPhoneSimulator.Build.0 = Debug|x86
		{42FE6AD5-33F7-463C-86AE-3C2C44A7C003}.Debug|iPhoneSimulator.Deploy.0 = Debug|x86
		{42FE6AD5-33F7-463C-86AE-3C2C44A7C003}.Debug|x64.ActiveCfg = Debug|x64
		{42FE6AD5-33F7-463C-86AE-3C2C44A7C003}.Debug|x64.Build.0 = Debug|x64
		{42FE6AD5-33F7-463C-86AE-3C2C44A7C003}.Debug|x64.Deploy.0 = Debug|x64
		{42FE6AD5-33F7-463C-86AE-3C2C44A7C003}.Debug|x86.ActiveCfg = Debug|x86
		{42FE6AD5-33F7-463C-86AE-3C2C44A7C003}.Debug|x86.Build.0 = Debug|x86
		{42FE6AD5-33F7-463C-86AE-3C2C44A7C003}.Debug|x86.Deploy.0 = Debug|x86
		{42FE6AD5-33F7-463C-86AE-3C2C44A7C003}.Release|Any CPU.ActiveCfg = Release|x86
		{42FE6AD5-33F7-463C-86AE-3C2C44A7C003}.Release|Any CPU.Build.0 = Release|x86
		{42FE6AD5-33F7-463C-86AE-3C2C44A7C003}.Release|Any CPU.Deploy.0 = Release|x86
		{42FE6AD5-33F7-463C-86AE-3C2C44A7C003}.Release|ARM.ActiveCfg = Release|ARM
		{42FE6AD5-33F7-463C-86AE-3C2C44A7C003}.Release|ARM.Build.0 = Release|ARM
		{42FE6AD5-33F7-463C-86AE-3C2C44A7C003}.Release|ARM.Deploy.0 = Release|ARM
		{42FE6AD5-33F7-463C-86AE-3C2C44A7C003}.Release|iPhone.ActiveCfg = Release|x86
		{42FE6AD5-33F7-463C-86AE-3C2C44A7C003}.Release|iPhone.Build.0 = Release|x86
		{42FE6AD5-33F7-463C-86AE-3C2C44A7C003}.Release|iPhone.Deploy.0 = Release|x86
		{42FE6AD5-33F7-463C-86AE-3C2C44A7C003}.Release|iPhoneSimulator.ActiveCfg = Release|x86
		{42FE6AD5-33F7-463C-86AE-3C2C44A7C003}.Release|iPhoneSimulator.Build.0 = Release|x86
		{42FE6AD5-33F7-463C-86AE-3C2C44A7C003}.Release|iPhoneSimulator.Deploy.0 = Release|x86
		{42FE6AD5-33F7-463C-86AE-3C2C44A7C003}.Release|x64.ActiveCfg = Release|x64
		{42FE6AD5-33F7-463C-86AE-3C2C44A7C003}.Release|x64.Build.0 = Release|x64
		{42FE6AD5-33F7-463C-86AE-3C2C44A7C003}.Release|x64.Deploy.0 = Release|x64
		{42FE6AD5-33F7-463C-86AE-3C2C44A7C003}.Release|x86.ActiveCfg = Release|x86
		{42FE6AD5-33F7-463C-86AE-3C2C44A7C003}.Release|x86.Build.0 = Release|x86
		{42FE6AD5-33F7-463C-86AE-3C2C44A7C003}.Release|x86.Deploy.0 = Release|x86
		{FB6A0F03-5C98-404F-B1CB-534D31F3BB09}.Debug|Any CPU.ActiveCfg = Debug|Any CPU
		{FB6A0F03-5C98-404F-B1CB-534D31F3BB09}.Debug|Any CPU.Build.0 = Debug|Any CPU
		{FB6A0F03-5C98-404F-B1CB-534D31F3BB09}.Debug|Any CPU.Deploy.0 = Debug|Any CPU
		{FB6A0F03-5C98-404F-B1CB-534D31F3BB09}.Debug|ARM.ActiveCfg = Debug|Any CPU
		{FB6A0F03-5C98-404F-B1CB-534D31F3BB09}.Debug|ARM.Build.0 = Debug|Any CPU
		{FB6A0F03-5C98-404F-B1CB-534D31F3BB09}.Debug|ARM.Deploy.0 = Debug|Any CPU
		{FB6A0F03-5C98-404F-B1CB-534D31F3BB09}.Debug|iPhone.ActiveCfg = Debug|Any CPU
		{FB6A0F03-5C98-404F-B1CB-534D31F3BB09}.Debug|iPhone.Build.0 = Debug|Any CPU
		{FB6A0F03-5C98-404F-B1CB-534D31F3BB09}.Debug|iPhone.Deploy.0 = Debug|Any CPU
		{FB6A0F03-5C98-404F-B1CB-534D31F3BB09}.Debug|iPhoneSimulator.ActiveCfg = Debug|Any CPU
		{FB6A0F03-5C98-404F-B1CB-534D31F3BB09}.Debug|iPhoneSimulator.Build.0 = Debug|Any CPU
		{FB6A0F03-5C98-404F-B1CB-534D31F3BB09}.Debug|iPhoneSimulator.Deploy.0 = Debug|Any CPU
		{FB6A0F03-5C98-404F-B1CB-534D31F3BB09}.Debug|x64.ActiveCfg = Debug|Any CPU
		{FB6A0F03-5C98-404F-B1CB-534D31F3BB09}.Debug|x64.Build.0 = Debug|Any CPU
		{FB6A0F03-5C98-404F-B1CB-534D31F3BB09}.Debug|x64.Deploy.0 = Debug|Any CPU
		{FB6A0F03-5C98-404F-B1CB-534D31F3BB09}.Debug|x86.ActiveCfg = Debug|Any CPU
		{FB6A0F03-5C98-404F-B1CB-534D31F3BB09}.Debug|x86.Build.0 = Debug|Any CPU
		{FB6A0F03-5C98-404F-B1CB-534D31F3BB09}.Debug|x86.Deploy.0 = Debug|Any CPU
		{FB6A0F03-5C98-404F-B1CB-534D31F3BB09}.Release|Any CPU.ActiveCfg = Release|Any CPU
		{FB6A0F03-5C98-404F-B1CB-534D31F3BB09}.Release|Any CPU.Build.0 = Release|Any CPU
		{FB6A0F03-5C98-404F-B1CB-534D31F3BB09}.Release|Any CPU.Deploy.0 = Release|Any CPU
		{FB6A0F03-5C98-404F-B1CB-534D31F3BB09}.Release|ARM.ActiveCfg = Release|Any CPU
		{FB6A0F03-5C98-404F-B1CB-534D31F3BB09}.Release|ARM.Build.0 = Release|Any CPU
		{FB6A0F03-5C98-404F-B1CB-534D31F3BB09}.Release|ARM.Deploy.0 = Release|Any CPU
		{FB6A0F03-5C98-404F-B1CB-534D31F3BB09}.Release|iPhone.ActiveCfg = Release|Any CPU
		{FB6A0F03-5C98-404F-B1CB-534D31F3BB09}.Release|iPhone.Build.0 = Release|Any CPU
		{FB6A0F03-5C98-404F-B1CB-534D31F3BB09}.Release|iPhone.Deploy.0 = Release|Any CPU
		{FB6A0F03-5C98-404F-B1CB-534D31F3BB09}.Release|iPhoneSimulator.ActiveCfg = Release|Any CPU
		{FB6A0F03-5C98-404F-B1CB-534D31F3BB09}.Release|iPhoneSimulator.Build.0 = Release|Any CPU
		{FB6A0F03-5C98-404F-B1CB-534D31F3BB09}.Release|iPhoneSimulator.Deploy.0 = Release|Any CPU
		{FB6A0F03-5C98-404F-B1CB-534D31F3BB09}.Release|x64.ActiveCfg = Release|Any CPU
		{FB6A0F03-5C98-404F-B1CB-534D31F3BB09}.Release|x64.Build.0 = Release|Any CPU
		{FB6A0F03-5C98-404F-B1CB-534D31F3BB09}.Release|x64.Deploy.0 = Release|Any CPU
		{FB6A0F03-5C98-404F-B1CB-534D31F3BB09}.Release|x86.ActiveCfg = Release|Any CPU
		{FB6A0F03-5C98-404F-B1CB-534D31F3BB09}.Release|x86.Build.0 = Release|Any CPU
		{FB6A0F03-5C98-404F-B1CB-534D31F3BB09}.Release|x86.Deploy.0 = Release|Any CPU
		{01DBEBFB-F650-43A5-B996-52346FBAE68E}.Debug|Any CPU.ActiveCfg = Debug|iPhoneSimulator
		{01DBEBFB-F650-43A5-B996-52346FBAE68E}.Debug|Any CPU.Build.0 = Debug|iPhoneSimulator
		{01DBEBFB-F650-43A5-B996-52346FBAE68E}.Debug|Any CPU.Deploy.0 = Debug|iPhoneSimulator
		{01DBEBFB-F650-43A5-B996-52346FBAE68E}.Debug|ARM.ActiveCfg = Debug|iPhone
		{01DBEBFB-F650-43A5-B996-52346FBAE68E}.Debug|ARM.Build.0 = Debug|iPhone
		{01DBEBFB-F650-43A5-B996-52346FBAE68E}.Debug|ARM.Deploy.0 = Debug|iPhone
		{01DBEBFB-F650-43A5-B996-52346FBAE68E}.Debug|iPhone.ActiveCfg = Debug|iPhone
		{01DBEBFB-F650-43A5-B996-52346FBAE68E}.Debug|iPhone.Build.0 = Debug|iPhone
		{01DBEBFB-F650-43A5-B996-52346FBAE68E}.Debug|iPhone.Deploy.0 = Debug|iPhone
		{01DBEBFB-F650-43A5-B996-52346FBAE68E}.Debug|iPhoneSimulator.ActiveCfg = Debug|iPhoneSimulator
		{01DBEBFB-F650-43A5-B996-52346FBAE68E}.Debug|iPhoneSimulator.Build.0 = Debug|iPhoneSimulator
		{01DBEBFB-F650-43A5-B996-52346FBAE68E}.Debug|iPhoneSimulator.Deploy.0 = Debug|iPhoneSimulator
		{01DBEBFB-F650-43A5-B996-52346FBAE68E}.Debug|x64.ActiveCfg = Debug|iPhoneSimulator
		{01DBEBFB-F650-43A5-B996-52346FBAE68E}.Debug|x64.Build.0 = Debug|iPhoneSimulator
		{01DBEBFB-F650-43A5-B996-52346FBAE68E}.Debug|x64.Deploy.0 = Debug|iPhoneSimulator
		{01DBEBFB-F650-43A5-B996-52346FBAE68E}.Debug|x86.ActiveCfg = Debug|iPhoneSimulator
		{01DBEBFB-F650-43A5-B996-52346FBAE68E}.Debug|x86.Build.0 = Debug|iPhoneSimulator
		{01DBEBFB-F650-43A5-B996-52346FBAE68E}.Debug|x86.Deploy.0 = Debug|iPhoneSimulator
		{01DBEBFB-F650-43A5-B996-52346FBAE68E}.Release|Any CPU.ActiveCfg = Release|iPhoneSimulator
		{01DBEBFB-F650-43A5-B996-52346FBAE68E}.Release|Any CPU.Build.0 = Release|iPhoneSimulator
		{01DBEBFB-F650-43A5-B996-52346FBAE68E}.Release|Any CPU.Deploy.0 = Release|iPhoneSimulator
		{01DBEBFB-F650-43A5-B996-52346FBAE68E}.Release|ARM.ActiveCfg = Release|iPhoneSimulator
		{01DBEBFB-F650-43A5-B996-52346FBAE68E}.Release|ARM.Build.0 = Release|iPhoneSimulator
		{01DBEBFB-F650-43A5-B996-52346FBAE68E}.Release|ARM.Deploy.0 = Release|iPhoneSimulator
		{01DBEBFB-F650-43A5-B996-52346FBAE68E}.Release|iPhone.ActiveCfg = Release|iPhone
		{01DBEBFB-F650-43A5-B996-52346FBAE68E}.Release|iPhone.Build.0 = Release|iPhone
		{01DBEBFB-F650-43A5-B996-52346FBAE68E}.Release|iPhone.Deploy.0 = Release|iPhone
		{01DBEBFB-F650-43A5-B996-52346FBAE68E}.Release|iPhoneSimulator.ActiveCfg = Release|iPhoneSimulator
		{01DBEBFB-F650-43A5-B996-52346FBAE68E}.Release|iPhoneSimulator.Build.0 = Release|iPhoneSimulator
		{01DBEBFB-F650-43A5-B996-52346FBAE68E}.Release|iPhoneSimulator.Deploy.0 = Release|iPhoneSimulator
		{01DBEBFB-F650-43A5-B996-52346FBAE68E}.Release|x64.ActiveCfg = Release|iPhoneSimulator
		{01DBEBFB-F650-43A5-B996-52346FBAE68E}.Release|x64.Build.0 = Release|iPhoneSimulator
		{01DBEBFB-F650-43A5-B996-52346FBAE68E}.Release|x64.Deploy.0 = Release|iPhoneSimulator
		{01DBEBFB-F650-43A5-B996-52346FBAE68E}.Release|x86.ActiveCfg = Release|iPhoneSimulator
		{01DBEBFB-F650-43A5-B996-52346FBAE68E}.Release|x86.Build.0 = Release|iPhoneSimulator
		{01DBEBFB-F650-43A5-B996-52346FBAE68E}.Release|x86.Deploy.0 = Release|iPhoneSimulator
		{0270C357-8208-4000-8704-B87A74B4B69B}.Debug|Any CPU.ActiveCfg = Debug|Any CPU
		{0270C357-8208-4000-8704-B87A74B4B69B}.Debug|Any CPU.Build.0 = Debug|Any CPU
		{0270C357-8208-4000-8704-B87A74B4B69B}.Debug|Any CPU.Deploy.0 = Debug|Any CPU
		{0270C357-8208-4000-8704-B87A74B4B69B}.Debug|ARM.ActiveCfg = Debug|Any CPU
		{0270C357-8208-4000-8704-B87A74B4B69B}.Debug|ARM.Build.0 = Debug|Any CPU
		{0270C357-8208-4000-8704-B87A74B4B69B}.Debug|ARM.Deploy.0 = Debug|Any CPU
		{0270C357-8208-4000-8704-B87A74B4B69B}.Debug|iPhone.ActiveCfg = Debug|Any CPU
		{0270C357-8208-4000-8704-B87A74B4B69B}.Debug|iPhone.Build.0 = Debug|Any CPU
		{0270C357-8208-4000-8704-B87A74B4B69B}.Debug|iPhone.Deploy.0 = Debug|Any CPU
		{0270C357-8208-4000-8704-B87A74B4B69B}.Debug|iPhoneSimulator.ActiveCfg = Debug|Any CPU
		{0270C357-8208-4000-8704-B87A74B4B69B}.Debug|iPhoneSimulator.Build.0 = Debug|Any CPU
		{0270C357-8208-4000-8704-B87A74B4B69B}.Debug|iPhoneSimulator.Deploy.0 = Debug|Any CPU
		{0270C357-8208-4000-8704-B87A74B4B69B}.Debug|x64.ActiveCfg = Debug|Any CPU
		{0270C357-8208-4000-8704-B87A74B4B69B}.Debug|x64.Build.0 = Debug|Any CPU
		{0270C357-8208-4000-8704-B87A74B4B69B}.Debug|x64.Deploy.0 = Debug|Any CPU
		{0270C357-8208-4000-8704-B87A74B4B69B}.Debug|x86.ActiveCfg = Debug|Any CPU
		{0270C357-8208-4000-8704-B87A74B4B69B}.Debug|x86.Build.0 = Debug|Any CPU
		{0270C357-8208-4000-8704-B87A74B4B69B}.Debug|x86.Deploy.0 = Debug|Any CPU
		{0270C357-8208-4000-8704-B87A74B4B69B}.Release|Any CPU.ActiveCfg = Release|Any CPU
		{0270C357-8208-4000-8704-B87A74B4B69B}.Release|Any CPU.Build.0 = Release|Any CPU
		{0270C357-8208-4000-8704-B87A74B4B69B}.Release|Any CPU.Deploy.0 = Release|Any CPU
		{0270C357-8208-4000-8704-B87A74B4B69B}.Release|ARM.ActiveCfg = Release|Any CPU
		{0270C357-8208-4000-8704-B87A74B4B69B}.Release|ARM.Build.0 = Release|Any CPU
		{0270C357-8208-4000-8704-B87A74B4B69B}.Release|ARM.Deploy.0 = Release|Any CPU
		{0270C357-8208-4000-8704-B87A74B4B69B}.Release|iPhone.ActiveCfg = Release|Any CPU
		{0270C357-8208-4000-8704-B87A74B4B69B}.Release|iPhone.Build.0 = Release|Any CPU
		{0270C357-8208-4000-8704-B87A74B4B69B}.Release|iPhone.Deploy.0 = Release|Any CPU
		{0270C357-8208-4000-8704-B87A74B4B69B}.Release|iPhoneSimulator.ActiveCfg = Release|Any CPU
		{0270C357-8208-4000-8704-B87A74B4B69B}.Release|iPhoneSimulator.Build.0 = Release|Any CPU
		{0270C357-8208-4000-8704-B87A74B4B69B}.Release|iPhoneSimulator.Deploy.0 = Release|Any CPU
		{0270C357-8208-4000-8704-B87A74B4B69B}.Release|x64.ActiveCfg = Release|Any CPU
		{0270C357-8208-4000-8704-B87A74B4B69B}.Release|x64.Build.0 = Release|Any CPU
		{0270C357-8208-4000-8704-B87A74B4B69B}.Release|x64.Deploy.0 = Release|Any CPU
		{0270C357-8208-4000-8704-B87A74B4B69B}.Release|x86.ActiveCfg = Release|Any CPU
		{0270C357-8208-4000-8704-B87A74B4B69B}.Release|x86.Build.0 = Release|Any CPU
		{0270C357-8208-4000-8704-B87A74B4B69B}.Release|x86.Deploy.0 = Release|Any CPU
	EndGlobalSection
	GlobalSection(SolutionProperties) = preSolution
		HideSolutionNode = FALSE
	EndGlobalSection
	GlobalSection(ExtensibilityGlobals) = postSolution
		SolutionGuid = {2E455A6B-B312-46F7-914C-EC89FE469542}
	EndGlobalSection
EndGlobal
